[[package]]
name = "getkey"
version = "0.6.5"
description = "Read single characters and key-strokes"
category = "main"
optional = false
python-versions = "*"

[[package]]
name = "mcrcon"
version = "0.7.0"
description = "A client for handling Remote Commands (RCON) to a Minecraft server."
category = "main"
optional = false
python-versions = "*"

[[package]]
name = "paho-mqtt"
version = "1.5.1"
description = "MQTT version 5.0/3.1.1 client class"
category = "main"
optional = false
python-versions = "*"

[package.extras]
proxy = ["pysocks"]

[metadata]
lock-version = "1.1"
python-versions = "^3.8"
content-hash = "1780409370427d4ed212a600b768cb73ffc683060ffdf7f8e9f0e50108c8d009"

[metadata.files]
getkey = [
    {file = "getkey-0.6.5.tar.gz", hash = "sha256:68c7c702c3b34deacf427f6c0f1fd66c5c2aa12d7801aa32442fc1a71c8ce059"},
]
mcrcon = [
    {file = "mcrcon-0.7.0.tar.gz", hash = "sha256:c2f1caf2467e283e0ccd2436f1ce21f04242b03c5fafb3860e3924d764a910d4"},
]
paho-mqtt = [
    {file = "paho-mqtt-1.5.1.tar.gz", hash = "sha256:9feb068e822be7b3a116324e01fb6028eb1d66412bf98595ae72698965cb1cae"},
]
